// !$*UTF8*$!
{
	archiveVersion = 1;
	classes = {
	};
	objectVersion = 46;
	objects = {

/* Begin PBXBuildFile section */
		221D0F691AEA71CF000E8189 /* ulibsmpp.m in Sources */ = {isa = PBXBuildFile; fileRef = A6DB3E73191E41810090FC94 /* ulibsmpp.m */; };
		221D0F6A1AEA71D4000E8189 /* NSString+UniversalSMPP.m in Sources */ = {isa = PBXBuildFile; fileRef = A6DDD9D1163621FD002FA7CC /* NSString+UniversalSMPP.m */; };
		221D0F6B1AEA71D8000E8189 /* NSMutableString+UniversalSMPP.m in Sources */ = {isa = PBXBuildFile; fileRef = A6DDD9D61636221A002FA7CC /* NSMutableString+UniversalSMPP.m */; };
		22567EE61AEA6FA500603C7A /* ulibsmpp.framework in Frameworks */ = {isa = PBXBuildFile; fileRef = 22278AF2162D53D200633C39 /* ulibsmpp.framework */; };
		22567EEC1AEA6FFE00603C7A /* submit-test.conf in Resources */ = {isa = PBXBuildFile; fileRef = 22DF11DA1635377500900D01 /* submit-test.conf */; };
		22567EED1AEA700400603C7A /* smpp-server.conf in Resources */ = {isa = PBXBuildFile; fileRef = 22DF11D81635376900900D01 /* smpp-server.conf */; };
		22567EEE1AEA700800603C7A /* smpp-client.conf in Resources */ = {isa = PBXBuildFile; fileRef = 22DF11D61635375800900D01 /* smpp-client.conf */; };
		22567EEF1AEA700E00603C7A /* smpptest.m in Sources */ = {isa = PBXBuildFile; fileRef = 22278B2B162D55C800633C39 /* smpptest.m */; };
		22567EF01AEA701B00603C7A /* NSString+TestSMPPAdditions.m in Sources */ = {isa = PBXBuildFile; fileRef = 22278B27162D559100633C39 /* NSString+TestSMPPAdditions.m */; };
		22567EF11AEA702100603C7A /* TestCounter.m in Sources */ = {isa = PBXBuildFile; fileRef = 22DB84B6162DAA0100F2223C /* TestCounter.m */; };
		22567EF21AEA702800603C7A /* TestLogFile.m in Sources */ = {isa = PBXBuildFile; fileRef = 22278B2E162D55E400633C39 /* TestLogFile.m */; };
		22567EF31AEA702D00603C7A /* TestMessage.m in Sources */ = {isa = PBXBuildFile; fileRef = 22278B31162D561000633C39 /* TestMessage.m */; };
		22567EF41AEA703200603C7A /* TestObject.m in Sources */ = {isa = PBXBuildFile; fileRef = 22278B34162D562D00633C39 /* TestObject.m */; };
		22567EF51AEA703700603C7A /* TestRouter.m in Sources */ = {isa = PBXBuildFile; fileRef = 22278B3A162D566100633C39 /* TestRouter.m */; };
		22567EF61AEA703B00603C7A /* TestSMPPAdditions.m in Sources */ = {isa = PBXBuildFile; fileRef = 227F45E716B9657100E93608 /* TestSMPPAdditions.m */; };
		22567EF71AEA704100603C7A /* TestUtils.m in Sources */ = {isa = PBXBuildFile; fileRef = 227F45ED16B965A500E93608 /* TestUtils.m */; };
		22567EF81AEA704600603C7A /* TestUser.m in Sources */ = {isa = PBXBuildFile; fileRef = 22278B3D162D569200633C39 /* TestUser.m */; };
		225C20101AEF862B00C86D4F /* TestDeliveryReport.m in Sources */ = {isa = PBXBuildFile; fileRef = 225C200F1AEF862B00C86D4F /* TestDeliveryReport.m */; };
		A642ADB91AC9CEE500854472 /* Foundation.framework in Frameworks */ = {isa = PBXBuildFile; fileRef = 22278AFA162D53D200633C39 /* Foundation.framework */; };
		A6793D921934AA2F0090FC94 /* ulibsmpp.h in Headers */ = {isa = PBXBuildFile; fileRef = A6DDD9C816361D92002FA7CC /* ulibsmpp.h */; settings = {ATTRIBUTES = (Public, ); }; };
		A6793D931934AA2F0090FC94 /* NSString+UniversalSMPP.h in Headers */ = {isa = PBXBuildFile; fileRef = A6DDD9D0163621FD002FA7CC /* NSString+UniversalSMPP.h */; settings = {ATTRIBUTES = (Public, ); }; };
		A6793D941934AA2F0090FC94 /* NSMutableString+UniversalSMPP.h in Headers */ = {isa = PBXBuildFile; fileRef = A6DDD9D51636221A002FA7CC /* NSMutableString+UniversalSMPP.h */; settings = {ATTRIBUTES = (Public, ); }; };
		A6793DA91934AAAD0090FC94 /* UniversalSMSUtilities.h in Headers */ = {isa = PBXBuildFile; fileRef = A6DDD95E1635FD4B002FA7CC /* UniversalSMSUtilities.h */; settings = {ATTRIBUTES = (Public, ); }; };
		A6798B9F22BBBAD00019806C /* ulib.framework in Frameworks */ = {isa = PBXBuildFile; fileRef = A6798B9E22BBBAD00019806C /* ulib.framework */; };
		A68348C528854CF3003351AF /* ulibasn1.framework in Frameworks */ = {isa = PBXBuildFile; fileRef = A68348C428854CF3003351AF /* ulibasn1.framework */; };
		A6BCC88E2AE6DF0800C34D40 /* UMPrefs.m in Sources */ = {isa = PBXBuildFile; fileRef = A6BCC8762AE6DF0700C34D40 /* UMPrefs.m */; };
		A6BCC88F2AE6DF0800C34D40 /* UMSigAddrWithHistory.m in Sources */ = {isa = PBXBuildFile; fileRef = A6BCC8772AE6DF0700C34D40 /* UMSigAddrWithHistory.m */; };
		A6BCC8902AE6DF0800C34D40 /* UMPrefs.h in Headers */ = {isa = PBXBuildFile; fileRef = A6BCC8782AE6DF0700C34D40 /* UMPrefs.h */; settings = {ATTRIBUTES = (Public, ); }; };
		A6BCC8922AE6DF0800C34D40 /* UMSigAddr.m in Sources */ = {isa = PBXBuildFile; fileRef = A6BCC87A2AE6DF0700C34D40 /* UMSigAddr.m */; };
		A6BCC8932AE6DF0800C34D40 /* NSString+HexFunctions.h in Headers */ = {isa = PBXBuildFile; fileRef = A6BCC87B2AE6DF0700C34D40 /* NSString+HexFunctions.h */; settings = {ATTRIBUTES = (Public, ); }; };
		A6BCC8942AE6DF0800C34D40 /* GsmCharSet.m in Sources */ = {isa = PBXBuildFile; fileRef = A6BCC87C2AE6DF0700C34D40 /* GsmCharSet.m */; };
		A6BCC8952AE6DF0800C34D40 /* PointCode.m in Sources */ = {isa = PBXBuildFile; fileRef = A6BCC87D2AE6DF0700C34D40 /* PointCode.m */; };
		A6BCC8962AE6DF0800C34D40 /* NSData+HexFunctions.m in Sources */ = {isa = PBXBuildFile; fileRef = A6BCC87E2AE6DF0700C34D40 /* NSData+HexFunctions.m */; };
		A6BCC8972AE6DF0800C34D40 /* SigAddr.h in Headers */ = {isa = PBXBuildFile; fileRef = A6BCC87F2AE6DF0700C34D40 /* SigAddr.h */; settings = {ATTRIBUTES = (Public, ); }; };
		A6BCC8982AE6DF0800C34D40 /* UMSigAddr.h in Headers */ = {isa = PBXBuildFile; fileRef = A6BCC8802AE6DF0700C34D40 /* UMSigAddr.h */; settings = {ATTRIBUTES = (Public, ); }; };
		A6BCC8992AE6DF0800C34D40 /* NSMutableData+UMTestString.h in Headers */ = {isa = PBXBuildFile; fileRef = A6BCC8812AE6DF0700C34D40 /* NSMutableData+UMTestString.h */; settings = {ATTRIBUTES = (Public, ); }; };
		A6BCC89A2AE6DF0800C34D40 /* NSString+HexFunctions.m in Sources */ = {isa = PBXBuildFile; fileRef = A6BCC8822AE6DF0700C34D40 /* NSString+HexFunctions.m */; };
		A6BCC89B2AE6DF0800C34D40 /* PriorityQueue.m in Sources */ = {isa = PBXBuildFile; fileRef = A6BCC8832AE6DF0700C34D40 /* PriorityQueue.m */; };
		A6BCC89C2AE6DF0800C34D40 /* TestUtils.m in Sources */ = {isa = PBXBuildFile; fileRef = A6BCC8842AE6DF0700C34D40 /* TestUtils.m */; };
		A6BCC89D2AE6DF0800C34D40 /* UMSigAddrWithHistory.h in Headers */ = {isa = PBXBuildFile; fileRef = A6BCC8852AE6DF0700C34D40 /* UMSigAddrWithHistory.h */; settings = {ATTRIBUTES = (Public, ); }; };
		A6BCC89E2AE6DF0800C34D40 /* GsmCharSet.h in Headers */ = {isa = PBXBuildFile; fileRef = A6BCC8862AE6DF0700C34D40 /* GsmCharSet.h */; settings = {ATTRIBUTES = (Public, ); }; };
		A6BCC89F2AE6DF0800C34D40 /* PriorityQueue.h in Headers */ = {isa = PBXBuildFile; fileRef = A6BCC8872AE6DF0800C34D40 /* PriorityQueue.h */; settings = {ATTRIBUTES = (Public, ); }; };
		A6BCC8A02AE6DF0800C34D40 /* NSMutableString+UMTestString.h in Headers */ = {isa = PBXBuildFile; fileRef = A6BCC8882AE6DF0800C34D40 /* NSMutableString+UMTestString.h */; settings = {ATTRIBUTES = (Public, ); }; };
		A6BCC8A12AE6DF0800C34D40 /* PointCode.h in Headers */ = {isa = PBXBuildFile; fileRef = A6BCC8892AE6DF0800C34D40 /* PointCode.h */; settings = {ATTRIBUTES = (Public, ); }; };
		A6BCC8A22AE6DF0800C34D40 /* TestUtils.h in Headers */ = {isa = PBXBuildFile; fileRef = A6BCC88A2AE6DF0800C34D40 /* TestUtils.h */; settings = {ATTRIBUTES = (Public, ); }; };
		A6BCC8A32AE6DF0800C34D40 /* NSMutableData+UMTestString.m in Sources */ = {isa = PBXBuildFile; fileRef = A6BCC88B2AE6DF0800C34D40 /* NSMutableData+UMTestString.m */; };
		A6BCC8A42AE6DF0800C34D40 /* NSMutableString+UMTestString.m in Sources */ = {isa = PBXBuildFile; fileRef = A6BCC88C2AE6DF0800C34D40 /* NSMutableString+UMTestString.m */; };
		A6BCC8A52AE6DF0800C34D40 /* NSData+HexFunctions.h in Headers */ = {isa = PBXBuildFile; fileRef = A6BCC88D2AE6DF0800C34D40 /* NSData+HexFunctions.h */; settings = {ATTRIBUTES = (Public, ); }; };
		A6BCC8C42AE6DF2600C34D40 /* UniversalSMSC.h in Headers */ = {isa = PBXBuildFile; fileRef = A6BCC8A62AE6DF2600C34D40 /* UniversalSMSC.h */; settings = {ATTRIBUTES = (Public, ); }; };
		A6BCC8C52AE6DF2600C34D40 /* SmscConnectionMessageProtocol.h in Headers */ = {isa = PBXBuildFile; fileRef = A6BCC8A72AE6DF2600C34D40 /* SmscConnectionMessageProtocol.h */; settings = {ATTRIBUTES = (Public, ); }; };
		A6BCC8C62AE6DF2600C34D40 /* SmscConnectionFAIL.m in Sources */ = {isa = PBXBuildFile; fileRef = A6BCC8A82AE6DF2600C34D40 /* SmscConnectionFAIL.m */; };
		A6BCC8C72AE6DF2600C34D40 /* DeliveryReportErrorCode.h in Headers */ = {isa = PBXBuildFile; fileRef = A6BCC8A92AE6DF2600C34D40 /* DeliveryReportErrorCode.h */; settings = {ATTRIBUTES = (Public, ); }; };
		A6BCC8C82AE6DF2600C34D40 /* SmscConnectionNACK.h in Headers */ = {isa = PBXBuildFile; fileRef = A6BCC8AA2AE6DF2600C34D40 /* SmscConnectionNACK.h */; settings = {ATTRIBUTES = (Public, ); }; };
		A6BCC8C92AE6DF2600C34D40 /* SmscMessageWellProtocol.h in Headers */ = {isa = PBXBuildFile; fileRef = A6BCC8AB2AE6DF2600C34D40 /* SmscMessageWellProtocol.h */; settings = {ATTRIBUTES = (Public, ); }; };
		A6BCC8CA2AE6DF2600C34D40 /* SmscConnectionFAIL.h in Headers */ = {isa = PBXBuildFile; fileRef = A6BCC8AC2AE6DF2600C34D40 /* SmscConnectionFAIL.h */; settings = {ATTRIBUTES = (Public, ); }; };
		A6BCC8CB2AE6DF2600C34D40 /* SmscRouterError.h in Headers */ = {isa = PBXBuildFile; fileRef = A6BCC8AD2AE6DF2600C34D40 /* SmscRouterError.h */; settings = {ATTRIBUTES = (Public, ); }; };
		A6BCC8CC2AE6DF2600C34D40 /* SmscRouterError.m in Sources */ = {isa = PBXBuildFile; fileRef = A6BCC8AE2AE6DF2600C34D40 /* SmscRouterError.m */; };
		A6BCC8CD2AE6DF2600C34D40 /* SmscRouterUserProtocol.h in Headers */ = {isa = PBXBuildFile; fileRef = A6BCC8AF2AE6DF2600C34D40 /* SmscRouterUserProtocol.h */; settings = {ATTRIBUTES = (Public, ); }; };
		A6BCC8CE2AE6DF2600C34D40 /* SmscStandardReport.h in Headers */ = {isa = PBXBuildFile; fileRef = A6BCC8B02AE6DF2600C34D40 /* SmscStandardReport.h */; settings = {ATTRIBUTES = (Public, ); }; };
		A6BCC8CF2AE6DF2600C34D40 /* SmscConnectionRouterProtocol.h in Headers */ = {isa = PBXBuildFile; fileRef = A6BCC8B12AE6DF2600C34D40 /* SmscConnectionRouterProtocol.h */; settings = {ATTRIBUTES = (Public, ); }; };
		A6BCC8D02AE6DF2600C34D40 /* SmscConnectionTransaction.m in Sources */ = {isa = PBXBuildFile; fileRef = A6BCC8B22AE6DF2600C34D40 /* SmscConnectionTransaction.m */; };
		A6BCC8D12AE6DF2600C34D40 /* SmscConnectionNULL.m in Sources */ = {isa = PBXBuildFile; fileRef = A6BCC8B32AE6DF2600C34D40 /* SmscConnectionNULL.m */; };
		A6BCC8D22AE6DF2600C34D40 /* SmscConnectionTransactionProtocol.h in Headers */ = {isa = PBXBuildFile; fileRef = A6BCC8B42AE6DF2600C34D40 /* SmscConnectionTransactionProtocol.h */; settings = {ATTRIBUTES = (Public, ); }; };
		A6BCC8D32AE6DF2600C34D40 /* SmscConnectionNACK.m in Sources */ = {isa = PBXBuildFile; fileRef = A6BCC8B52AE6DF2600C34D40 /* SmscConnectionNACK.m */; };
		A6BCC8D42AE6DF2600C34D40 /* SmscConnectionReadyProtocol.h in Headers */ = {isa = PBXBuildFile; fileRef = A6BCC8B62AE6DF2600C34D40 /* SmscConnectionReadyProtocol.h */; settings = {ATTRIBUTES = (Public, ); }; };
		A6BCC8D52AE6DF2600C34D40 /* SmscConnectionUserProtocol.h in Headers */ = {isa = PBXBuildFile; fileRef = A6BCC8B72AE6DF2600C34D40 /* SmscConnectionUserProtocol.h */; settings = {ATTRIBUTES = (Public, ); }; };
		A6BCC8D62AE6DF2600C34D40 /* SmscRouterProtocol.h in Headers */ = {isa = PBXBuildFile; fileRef = A6BCC8B82AE6DF2600C34D40 /* SmscRouterProtocol.h */; settings = {ATTRIBUTES = (Public, ); }; };
		A6BCC8D72AE6DF2600C34D40 /* SmscConnectionTransaction.h in Headers */ = {isa = PBXBuildFile; fileRef = A6BCC8B92AE6DF2600C34D40 /* SmscConnectionTransaction.h */; settings = {ATTRIBUTES = (Public, ); }; };
		A6BCC8D82AE6DF2600C34D40 /* SmscConnectionNULL.h in Headers */ = {isa = PBXBuildFile; fileRef = A6BCC8BA2AE6DF2600C34D40 /* SmscConnectionNULL.h */; settings = {ATTRIBUTES = (Public, ); }; };
		A6BCC8D92AE6DF2600C34D40 /* SmscConnection.m in Sources */ = {isa = PBXBuildFile; fileRef = A6BCC8BB2AE6DF2600C34D40 /* SmscConnection.m */; };
		A6BCC8DA2AE6DF2600C34D40 /* SmscConnectionRouterUserProtocol.h in Headers */ = {isa = PBXBuildFile; fileRef = A6BCC8BC2AE6DF2600C34D40 /* SmscConnectionRouterUserProtocol.h */; settings = {ATTRIBUTES = (Public, ); }; };
		A6BCC8DB2AE6DF2600C34D40 /* GSMErrorCode.h in Headers */ = {isa = PBXBuildFile; fileRef = A6BCC8BD2AE6DF2600C34D40 /* GSMErrorCode.h */; settings = {ATTRIBUTES = (Public, ); }; };
		A6BCC8DC2AE6DF2600C34D40 /* SmscStandardReport.m in Sources */ = {isa = PBXBuildFile; fileRef = A6BCC8BE2AE6DF2600C34D40 /* SmscStandardReport.m */; };
		A6BCC8DD2AE6DF2600C34D40 /* SmscConnection.h in Headers */ = {isa = PBXBuildFile; fileRef = A6BCC8BF2AE6DF2600C34D40 /* SmscConnection.h */; settings = {ATTRIBUTES = (Public, ); }; };
		A6BCC8DE2AE6DF2600C34D40 /* SmscConnectionReportProtocol.h in Headers */ = {isa = PBXBuildFile; fileRef = A6BCC8C02AE6DF2600C34D40 /* SmscConnectionReportProtocol.h */; settings = {ATTRIBUTES = (Public, ); }; };
		A6BCC8DF2AE6DF2600C34D40 /* SmscConnectionProtocol.h in Headers */ = {isa = PBXBuildFile; fileRef = A6BCC8C12AE6DF2600C34D40 /* SmscConnectionProtocol.h */; settings = {ATTRIBUTES = (Public, ); }; };
		A6BCC8E02AE6DF2600C34D40 /* SmscReportWellProtocoll.h in Headers */ = {isa = PBXBuildFile; fileRef = A6BCC8C22AE6DF2600C34D40 /* SmscReportWellProtocoll.h */; settings = {ATTRIBUTES = (Public, ); }; };
		A6BCC8E12AE6DF2600C34D40 /* SmscConnectionMessagePassingProtocol.h in Headers */ = {isa = PBXBuildFile; fileRef = A6BCC8C32AE6DF2600C34D40 /* SmscConnectionMessagePassingProtocol.h */; settings = {ATTRIBUTES = (Public, ); }; };
		A6BCC8EC2AE6DF3900C34D40 /* SmscConnectionSMPP.h in Headers */ = {isa = PBXBuildFile; fileRef = A6BCC8E22AE6DF3900C34D40 /* SmscConnectionSMPP.h */; settings = {ATTRIBUTES = (Public, ); }; };
		A6BCC8ED2AE6DF3900C34D40 /* SmppErrorCode.h in Headers */ = {isa = PBXBuildFile; fileRef = A6BCC8E32AE6DF3900C34D40 /* SmppErrorCode.h */; settings = {ATTRIBUTES = (Public, ); }; };
		A6BCC8EE2AE6DF3900C34D40 /* SmppMultiResult.m in Sources */ = {isa = PBXBuildFile; fileRef = A6BCC8E42AE6DF3900C34D40 /* SmppMultiResult.m */; };
		A6BCC8EF2AE6DF3900C34D40 /* UniversalSMPP.h in Headers */ = {isa = PBXBuildFile; fileRef = A6BCC8E52AE6DF3900C34D40 /* UniversalSMPP.h */; settings = {ATTRIBUTES = (Public, ); }; };
		A6BCC8F02AE6DF3900C34D40 /* SmppPdu.m in Sources */ = {isa = PBXBuildFile; fileRef = A6BCC8E62AE6DF3900C34D40 /* SmppPdu.m */; };
		A6BCC8F12AE6DF3900C34D40 /* SmppTlv.h in Headers */ = {isa = PBXBuildFile; fileRef = A6BCC8E72AE6DF3900C34D40 /* SmppTlv.h */; settings = {ATTRIBUTES = (Public, ); }; };
		A6BCC8F22AE6DF3900C34D40 /* SmscConnectionSMPP.m in Sources */ = {isa = PBXBuildFile; fileRef = A6BCC8E82AE6DF3900C34D40 /* SmscConnectionSMPP.m */; };
		A6BCC8F32AE6DF3900C34D40 /* SmppTlv.m in Sources */ = {isa = PBXBuildFile; fileRef = A6BCC8E92AE6DF3900C34D40 /* SmppTlv.m */; };
		A6BCC8F42AE6DF3900C34D40 /* SmppMultiResult.h in Headers */ = {isa = PBXBuildFile; fileRef = A6BCC8EA2AE6DF3900C34D40 /* SmppMultiResult.h */; settings = {ATTRIBUTES = (Public, ); }; };
		A6BCC8F52AE6DF3900C34D40 /* SmppPdu.h in Headers */ = {isa = PBXBuildFile; fileRef = A6BCC8EB2AE6DF3900C34D40 /* SmppPdu.h */; settings = {ATTRIBUTES = (Public, ); }; };
		A6BCC8F92AE6DF5300C34D40 /* UniversalEMIUCP.h in Headers */ = {isa = PBXBuildFile; fileRef = A6BCC8F62AE6DF5300C34D40 /* UniversalEMIUCP.h */; settings = {ATTRIBUTES = (Public, ); }; };
		A6BCC8FA2AE6DF5300C34D40 /* SmscConnectionEMIUCP.h in Headers */ = {isa = PBXBuildFile; fileRef = A6BCC8F72AE6DF5300C34D40 /* SmscConnectionEMIUCP.h */; settings = {ATTRIBUTES = (Public, ); }; };
		A6BCC8FB2AE6DF5300C34D40 /* SmscConnectionEMIUCP.m in Sources */ = {isa = PBXBuildFile; fileRef = A6BCC8F82AE6DF5300C34D40 /* SmscConnectionEMIUCP.m */; };
		A6DB3E74191E41810090FC94 /* ulibsmpp.m in Sources */ = {isa = PBXBuildFile; fileRef = A6DB3E73191E41810090FC94 /* ulibsmpp.m */; };
		A6DDD9D3163621FD002FA7CC /* NSString+UniversalSMPP.m in Sources */ = {isa = PBXBuildFile; fileRef = A6DDD9D1163621FD002FA7CC /* NSString+UniversalSMPP.m */; };
		A6DDD9D81636221A002FA7CC /* NSMutableString+UniversalSMPP.m in Sources */ = {isa = PBXBuildFile; fileRef = A6DDD9D61636221A002FA7CC /* NSMutableString+UniversalSMPP.m */; };
/* End PBXBuildFile section */

/* Begin PBXContainerItemProxy section */
		22567EE71AEA6FA500603C7A /* PBXContainerItemProxy */ = {
			isa = PBXContainerItemProxy;
			containerPortal = 22278AE8162D53D200633C39 /* Project object */;
			proxyType = 1;
			remoteGlobalIDString = 22278AF1162D53D200633C39;
			remoteInfo = ulibsmpp;
		};
/* End PBXContainerItemProxy section */

/* Begin PBXFileReference section */
		22278AF2162D53D200633C39 /* ulibsmpp.framework */ = {isa = PBXFileReference; explicitFileType = wrapper.framework; includeInIndex = 0; path = ulibsmpp.framework; sourceTree = BUILT_PRODUCTS_DIR; };
		22278AFA162D53D200633C39 /* Foundation.framework */ = {isa = PBXFileReference; lastKnownFileType = wrapper.framework; name = Foundation.framework; path = System/Library/Frameworks/Foundation.framework; sourceTree = SDKROOT; };
		22278B26162D558400633C39 /* NSString+TestSMPPAdditions.h */ = {isa = PBXFileReference; fileEncoding = 4; lastKnownFileType = sourcecode.c.h; path = "NSString+TestSMPPAdditions.h"; sourceTree = "<group>"; };
		22278B27162D559100633C39 /* NSString+TestSMPPAdditions.m */ = {isa = PBXFileReference; fileEncoding = 4; lastKnownFileType = sourcecode.c.objc; path = "NSString+TestSMPPAdditions.m"; sourceTree = "<group>"; };
		22278B29162D559E00633C39 /* NSString+TestUtils.h */ = {isa = PBXFileReference; fileEncoding = 4; lastKnownFileType = sourcecode.c.h; path = "NSString+TestUtils.h"; sourceTree = "<group>"; };
		22278B2A162D55BB00633C39 /* smpptest.h */ = {isa = PBXFileReference; fileEncoding = 4; lastKnownFileType = sourcecode.c.h; path = smpptest.h; sourceTree = "<group>"; };
		22278B2B162D55C800633C39 /* smpptest.m */ = {isa = PBXFileReference; fileEncoding = 4; lastKnownFileType = sourcecode.c.objc; path = smpptest.m; sourceTree = "<group>"; };
		22278B2D162D55D100633C39 /* TestLogFile.h */ = {isa = PBXFileReference; fileEncoding = 4; lastKnownFileType = sourcecode.c.h; path = TestLogFile.h; sourceTree = "<group>"; };
		22278B2E162D55E400633C39 /* TestLogFile.m */ = {isa = PBXFileReference; fileEncoding = 4; lastKnownFileType = sourcecode.c.objc; path = TestLogFile.m; sourceTree = "<group>"; };
		22278B30162D560700633C39 /* TestMessage.h */ = {isa = PBXFileReference; fileEncoding = 4; lastKnownFileType = sourcecode.c.h; path = TestMessage.h; sourceTree = "<group>"; };
		22278B31162D561000633C39 /* TestMessage.m */ = {isa = PBXFileReference; fileEncoding = 4; lastKnownFileType = sourcecode.c.objc; path = TestMessage.m; sourceTree = "<group>"; };
		22278B33162D562100633C39 /* TestObject.h */ = {isa = PBXFileReference; fileEncoding = 4; lastKnownFileType = sourcecode.c.h; path = TestObject.h; sourceTree = "<group>"; };
		22278B34162D562D00633C39 /* TestObject.m */ = {isa = PBXFileReference; fileEncoding = 4; lastKnownFileType = sourcecode.c.objc; path = TestObject.m; sourceTree = "<group>"; };
		22278B39162D565400633C39 /* TestRouter.h */ = {isa = PBXFileReference; fileEncoding = 4; lastKnownFileType = sourcecode.c.h; path = TestRouter.h; sourceTree = "<group>"; };
		22278B3A162D566100633C39 /* TestRouter.m */ = {isa = PBXFileReference; fileEncoding = 4; lastKnownFileType = sourcecode.c.objc; path = TestRouter.m; sourceTree = "<group>"; };
		22278B3C162D568100633C39 /* TestUser.h */ = {isa = PBXFileReference; fileEncoding = 4; lastKnownFileType = sourcecode.c.h; path = TestUser.h; sourceTree = "<group>"; };
		22278B3D162D569200633C39 /* TestUser.m */ = {isa = PBXFileReference; fileEncoding = 4; lastKnownFileType = sourcecode.c.objc; path = TestUser.m; sourceTree = "<group>"; };
		22567EE01AEA6FA500603C7A /* ulibsmppTests.framework */ = {isa = PBXFileReference; explicitFileType = wrapper.cfbundle; includeInIndex = 0; path = ulibsmppTests.framework; sourceTree = BUILT_PRODUCTS_DIR; };
		22567EE31AEA6FA500603C7A /* Info.plist */ = {isa = PBXFileReference; lastKnownFileType = text.plist.xml; path = Info.plist; sourceTree = "<group>"; };
		225C200F1AEF862B00C86D4F /* TestDeliveryReport.m */ = {isa = PBXFileReference; lastKnownFileType = sourcecode.c.objc; name = TestDeliveryReport.m; path = ulibsmppTests/TestDeliveryReport.m; sourceTree = "<group>"; };
		225C20111AEF869200C86D4F /* TestDeliveryReport.h */ = {isa = PBXFileReference; fileEncoding = 4; lastKnownFileType = sourcecode.c.h; path = TestDeliveryReport.h; sourceTree = "<group>"; };
		225C20141AEF873400C86D4F /* TestDeliveryReport.m */ = {isa = PBXFileReference; fileEncoding = 4; lastKnownFileType = sourcecode.c.objc; path = TestDeliveryReport.m; sourceTree = "<group>"; };
		227F45E616B9655D00E93608 /* TestSMPPAdditions.h */ = {isa = PBXFileReference; fileEncoding = 4; lastKnownFileType = sourcecode.c.h; path = TestSMPPAdditions.h; sourceTree = "<group>"; };
		227F45E716B9657100E93608 /* TestSMPPAdditions.m */ = {isa = PBXFileReference; fileEncoding = 4; lastKnownFileType = sourcecode.c.objc; path = TestSMPPAdditions.m; sourceTree = "<group>"; };
		227F45EC16B9659A00E93608 /* TestUtils.h */ = {isa = PBXFileReference; fileEncoding = 4; lastKnownFileType = sourcecode.c.h; path = TestUtils.h; sourceTree = "<group>"; };
		227F45ED16B965A500E93608 /* TestUtils.m */ = {isa = PBXFileReference; fileEncoding = 4; lastKnownFileType = sourcecode.c.objc; path = TestUtils.m; sourceTree = "<group>"; };
		22DB84B5162DAA0000F2223C /* TestCounter.h */ = {isa = PBXFileReference; fileEncoding = 4; lastKnownFileType = sourcecode.c.h; lineEnding = 0; path = TestCounter.h; sourceTree = "<group>"; xcLanguageSpecificationIdentifier = xcode.lang.objcpp; };
		22DB84B6162DAA0100F2223C /* TestCounter.m */ = {isa = PBXFileReference; fileEncoding = 4; lastKnownFileType = sourcecode.c.objc; lineEnding = 0; path = TestCounter.m; sourceTree = "<group>"; xcLanguageSpecificationIdentifier = xcode.lang.objc; };
		22DF11D61635375800900D01 /* smpp-client.conf */ = {isa = PBXFileReference; fileEncoding = 4; lastKnownFileType = text; name = "smpp-client.conf"; path = "ulibsmppTests/smpp-client.conf"; sourceTree = SOURCE_ROOT; };
		22DF11D81635376900900D01 /* smpp-server.conf */ = {isa = PBXFileReference; fileEncoding = 4; lastKnownFileType = text; name = "smpp-server.conf"; path = "ulibsmppTests/smpp-server.conf"; sourceTree = SOURCE_ROOT; };
		22DF11DA1635377500900D01 /* submit-test.conf */ = {isa = PBXFileReference; fileEncoding = 4; lastKnownFileType = text; name = "submit-test.conf"; path = "ulibsmppTests/submit-test.conf"; sourceTree = SOURCE_ROOT; };
		A6019BAF1AC15C3A00854472 /* VERSION */ = {isa = PBXFileReference; fileEncoding = 4; lastKnownFileType = text; path = VERSION; sourceTree = "<group>"; };
		A6798B9E22BBBAD00019806C /* ulib.framework */ = {isa = PBXFileReference; lastKnownFileType = wrapper.framework; name = ulib.framework; path = "/Library/Application Support/FinkTelecomServices/frameworks/ulib.framework"; sourceTree = "<absolute>"; };
		A68348C428854CF3003351AF /* ulibasn1.framework */ = {isa = PBXFileReference; lastKnownFileType = wrapper.framework; name = ulibasn1.framework; path = "/Library/Application Support/FinkTelecomServices/frameworks/ulibasn1.framework"; sourceTree = "<absolute>"; };
		A6BCC8762AE6DF0700C34D40 /* UMPrefs.m */ = {isa = PBXFileReference; fileEncoding = 4; lastKnownFileType = sourcecode.c.objc; path = UMPrefs.m; sourceTree = "<group>"; };
		A6BCC8772AE6DF0700C34D40 /* UMSigAddrWithHistory.m */ = {isa = PBXFileReference; fileEncoding = 4; lastKnownFileType = sourcecode.c.objc; path = UMSigAddrWithHistory.m; sourceTree = "<group>"; };
		A6BCC8782AE6DF0700C34D40 /* UMPrefs.h */ = {isa = PBXFileReference; fileEncoding = 4; lastKnownFileType = sourcecode.c.h; path = UMPrefs.h; sourceTree = "<group>"; };
		A6BCC87A2AE6DF0700C34D40 /* UMSigAddr.m */ = {isa = PBXFileReference; fileEncoding = 4; lastKnownFileType = sourcecode.c.objc; path = UMSigAddr.m; sourceTree = "<group>"; };
		A6BCC87B2AE6DF0700C34D40 /* NSString+HexFunctions.h */ = {isa = PBXFileReference; fileEncoding = 4; lastKnownFileType = sourcecode.c.h; path = "NSString+HexFunctions.h"; sourceTree = "<group>"; };
		A6BCC87C2AE6DF0700C34D40 /* GsmCharSet.m */ = {isa = PBXFileReference; fileEncoding = 4; lastKnownFileType = sourcecode.c.objc; path = GsmCharSet.m; sourceTree = "<group>"; };
		A6BCC87D2AE6DF0700C34D40 /* PointCode.m */ = {isa = PBXFileReference; fileEncoding = 4; lastKnownFileType = sourcecode.c.objc; path = PointCode.m; sourceTree = "<group>"; };
		A6BCC87E2AE6DF0700C34D40 /* NSData+HexFunctions.m */ = {isa = PBXFileReference; fileEncoding = 4; lastKnownFileType = sourcecode.c.objc; path = "NSData+HexFunctions.m"; sourceTree = "<group>"; };
		A6BCC87F2AE6DF0700C34D40 /* SigAddr.h */ = {isa = PBXFileReference; fileEncoding = 4; lastKnownFileType = sourcecode.c.h; path = SigAddr.h; sourceTree = "<group>"; };
		A6BCC8802AE6DF0700C34D40 /* UMSigAddr.h */ = {isa = PBXFileReference; fileEncoding = 4; lastKnownFileType = sourcecode.c.h; path = UMSigAddr.h; sourceTree = "<group>"; };
		A6BCC8812AE6DF0700C34D40 /* NSMutableData+UMTestString.h */ = {isa = PBXFileReference; fileEncoding = 4; lastKnownFileType = sourcecode.c.h; path = "NSMutableData+UMTestString.h"; sourceTree = "<group>"; };
		A6BCC8822AE6DF0700C34D40 /* NSString+HexFunctions.m */ = {isa = PBXFileReference; fileEncoding = 4; lastKnownFileType = sourcecode.c.objc; path = "NSString+HexFunctions.m"; sourceTree = "<group>"; };
		A6BCC8832AE6DF0700C34D40 /* PriorityQueue.m */ = {isa = PBXFileReference; fileEncoding = 4; lastKnownFileType = sourcecode.c.objc; path = PriorityQueue.m; sourceTree = "<group>"; };
		A6BCC8842AE6DF0700C34D40 /* TestUtils.m */ = {isa = PBXFileReference; fileEncoding = 4; lastKnownFileType = sourcecode.c.objc; path = TestUtils.m; sourceTree = "<group>"; };
		A6BCC8852AE6DF0700C34D40 /* UMSigAddrWithHistory.h */ = {isa = PBXFileReference; fileEncoding = 4; lastKnownFileType = sourcecode.c.h; path = UMSigAddrWithHistory.h; sourceTree = "<group>"; };
		A6BCC8862AE6DF0700C34D40 /* GsmCharSet.h */ = {isa = PBXFileReference; fileEncoding = 4; lastKnownFileType = sourcecode.c.h; path = GsmCharSet.h; sourceTree = "<group>"; };
		A6BCC8872AE6DF0800C34D40 /* PriorityQueue.h */ = {isa = PBXFileReference; fileEncoding = 4; lastKnownFileType = sourcecode.c.h; path = PriorityQueue.h; sourceTree = "<group>"; };
		A6BCC8882AE6DF0800C34D40 /* NSMutableString+UMTestString.h */ = {isa = PBXFileReference; fileEncoding = 4; lastKnownFileType = sourcecode.c.h; path = "NSMutableString+UMTestString.h"; sourceTree = "<group>"; };
		A6BCC8892AE6DF0800C34D40 /* PointCode.h */ = {isa = PBXFileReference; fileEncoding = 4; lastKnownFileType = sourcecode.c.h; path = PointCode.h; sourceTree = "<group>"; };
		A6BCC88A2AE6DF0800C34D40 /* TestUtils.h */ = {isa = PBXFileReference; fileEncoding = 4; lastKnownFileType = sourcecode.c.h; path = TestUtils.h; sourceTree = "<group>"; };
		A6BCC88B2AE6DF0800C34D40 /* NSMutableData+UMTestString.m */ = {isa = PBXFileReference; fileEncoding = 4; lastKnownFileType = sourcecode.c.objc; path = "NSMutableData+UMTestString.m"; sourceTree = "<group>"; };
		A6BCC88C2AE6DF0800C34D40 /* NSMutableString+UMTestString.m */ = {isa = PBXFileReference; fileEncoding = 4; lastKnownFileType = sourcecode.c.objc; path = "NSMutableString+UMTestString.m"; sourceTree = "<group>"; };
		A6BCC88D2AE6DF0800C34D40 /* NSData+HexFunctions.h */ = {isa = PBXFileReference; fileEncoding = 4; lastKnownFileType = sourcecode.c.h; path = "NSData+HexFunctions.h"; sourceTree = "<group>"; };
		A6BCC8A62AE6DF2600C34D40 /* UniversalSMSC.h */ = {isa = PBXFileReference; fileEncoding = 4; lastKnownFileType = sourcecode.c.h; path = UniversalSMSC.h; sourceTree = "<group>"; };
		A6BCC8A72AE6DF2600C34D40 /* SmscConnectionMessageProtocol.h */ = {isa = PBXFileReference; fileEncoding = 4; lastKnownFileType = sourcecode.c.h; path = SmscConnectionMessageProtocol.h; sourceTree = "<group>"; };
		A6BCC8A82AE6DF2600C34D40 /* SmscConnectionFAIL.m */ = {isa = PBXFileReference; fileEncoding = 4; lastKnownFileType = sourcecode.c.objc; path = SmscConnectionFAIL.m; sourceTree = "<group>"; };
		A6BCC8A92AE6DF2600C34D40 /* DeliveryReportErrorCode.h */ = {isa = PBXFileReference; fileEncoding = 4; lastKnownFileType = sourcecode.c.h; path = DeliveryReportErrorCode.h; sourceTree = "<group>"; };
		A6BCC8AA2AE6DF2600C34D40 /* SmscConnectionNACK.h */ = {isa = PBXFileReference; fileEncoding = 4; lastKnownFileType = sourcecode.c.h; path = SmscConnectionNACK.h; sourceTree = "<group>"; };
		A6BCC8AB2AE6DF2600C34D40 /* SmscMessageWellProtocol.h */ = {isa = PBXFileReference; fileEncoding = 4; lastKnownFileType = sourcecode.c.h; path = SmscMessageWellProtocol.h; sourceTree = "<group>"; };
		A6BCC8AC2AE6DF2600C34D40 /* SmscConnectionFAIL.h */ = {isa = PBXFileReference; fileEncoding = 4; lastKnownFileType = sourcecode.c.h; path = SmscConnectionFAIL.h; sourceTree = "<group>"; };
		A6BCC8AD2AE6DF2600C34D40 /* SmscRouterError.h */ = {isa = PBXFileReference; fileEncoding = 4; lastKnownFileType = sourcecode.c.h; path = SmscRouterError.h; sourceTree = "<group>"; };
		A6BCC8AE2AE6DF2600C34D40 /* SmscRouterError.m */ = {isa = PBXFileReference; fileEncoding = 4; lastKnownFileType = sourcecode.c.objc; path = SmscRouterError.m; sourceTree = "<group>"; };
		A6BCC8AF2AE6DF2600C34D40 /* SmscRouterUserProtocol.h */ = {isa = PBXFileReference; fileEncoding = 4; lastKnownFileType = sourcecode.c.h; path = SmscRouterUserProtocol.h; sourceTree = "<group>"; };
		A6BCC8B02AE6DF2600C34D40 /* SmscStandardReport.h */ = {isa = PBXFileReference; fileEncoding = 4; lastKnownFileType = sourcecode.c.h; path = SmscStandardReport.h; sourceTree = "<group>"; };
		A6BCC8B12AE6DF2600C34D40 /* SmscConnectionRouterProtocol.h */ = {isa = PBXFileReference; fileEncoding = 4; lastKnownFileType = sourcecode.c.h; path = SmscConnectionRouterProtocol.h; sourceTree = "<group>"; };
		A6BCC8B22AE6DF2600C34D40 /* SmscConnectionTransaction.m */ = {isa = PBXFileReference; fileEncoding = 4; lastKnownFileType = sourcecode.c.objc; path = SmscConnectionTransaction.m; sourceTree = "<group>"; };
		A6BCC8B32AE6DF2600C34D40 /* SmscConnectionNULL.m */ = {isa = PBXFileReference; fileEncoding = 4; lastKnownFileType = sourcecode.c.objc; path = SmscConnectionNULL.m; sourceTree = "<group>"; };
		A6BCC8B42AE6DF2600C34D40 /* SmscConnectionTransactionProtocol.h */ = {isa = PBXFileReference; fileEncoding = 4; lastKnownFileType = sourcecode.c.h; path = SmscConnectionTransactionProtocol.h; sourceTree = "<group>"; };
		A6BCC8B52AE6DF2600C34D40 /* SmscConnectionNACK.m */ = {isa = PBXFileReference; fileEncoding = 4; lastKnownFileType = sourcecode.c.objc; path = SmscConnectionNACK.m; sourceTree = "<group>"; };
		A6BCC8B62AE6DF2600C34D40 /* SmscConnectionReadyProtocol.h */ = {isa = PBXFileReference; fileEncoding = 4; lastKnownFileType = sourcecode.c.h; path = SmscConnectionReadyProtocol.h; sourceTree = "<group>"; };
		A6BCC8B72AE6DF2600C34D40 /* SmscConnectionUserProtocol.h */ = {isa = PBXFileReference; fileEncoding = 4; lastKnownFileType = sourcecode.c.h; path = SmscConnectionUserProtocol.h; sourceTree = "<group>"; };
		A6BCC8B82AE6DF2600C34D40 /* SmscRouterProtocol.h */ = {isa = PBXFileReference; fileEncoding = 4; lastKnownFileType = sourcecode.c.h; path = SmscRouterProtocol.h; sourceTree = "<group>"; };
		A6BCC8B92AE6DF2600C34D40 /* SmscConnectionTransaction.h */ = {isa = PBXFileReference; fileEncoding = 4; lastKnownFileType = sourcecode.c.h; path = SmscConnectionTransaction.h; sourceTree = "<group>"; };
		A6BCC8BA2AE6DF2600C34D40 /* SmscConnectionNULL.h */ = {isa = PBXFileReference; fileEncoding = 4; lastKnownFileType = sourcecode.c.h; path = SmscConnectionNULL.h; sourceTree = "<group>"; };
		A6BCC8BB2AE6DF2600C34D40 /* SmscConnection.m */ = {isa = PBXFileReference; fileEncoding = 4; lastKnownFileType = sourcecode.c.objc; path = SmscConnection.m; sourceTree = "<group>"; };
		A6BCC8BC2AE6DF2600C34D40 /* SmscConnectionRouterUserProtocol.h */ = {isa = PBXFileReference; fileEncoding = 4; lastKnownFileType = sourcecode.c.h; path = SmscConnectionRouterUserProtocol.h; sourceTree = "<group>"; };
		A6BCC8BD2AE6DF2600C34D40 /* GSMErrorCode.h */ = {isa = PBXFileReference; fileEncoding = 4; lastKnownFileType = sourcecode.c.h; path = GSMErrorCode.h; sourceTree = "<group>"; };
		A6BCC8BE2AE6DF2600C34D40 /* SmscStandardReport.m */ = {isa = PBXFileReference; fileEncoding = 4; lastKnownFileType = sourcecode.c.objc; path = SmscStandardReport.m; sourceTree = "<group>"; };
		A6BCC8BF2AE6DF2600C34D40 /* SmscConnection.h */ = {isa = PBXFileReference; fileEncoding = 4; lastKnownFileType = sourcecode.c.h; path = SmscConnection.h; sourceTree = "<group>"; };
		A6BCC8C02AE6DF2600C34D40 /* SmscConnectionReportProtocol.h */ = {isa = PBXFileReference; fileEncoding = 4; lastKnownFileType = sourcecode.c.h; path = SmscConnectionReportProtocol.h; sourceTree = "<group>"; };
		A6BCC8C12AE6DF2600C34D40 /* SmscConnectionProtocol.h */ = {isa = PBXFileReference; fileEncoding = 4; lastKnownFileType = sourcecode.c.h; path = SmscConnectionProtocol.h; sourceTree = "<group>"; };
		A6BCC8C22AE6DF2600C34D40 /* SmscReportWellProtocoll.h */ = {isa = PBXFileReference; fileEncoding = 4; lastKnownFileType = sourcecode.c.h; path = SmscReportWellProtocoll.h; sourceTree = "<group>"; };
		A6BCC8C32AE6DF2600C34D40 /* SmscConnectionMessagePassingProtocol.h */ = {isa = PBXFileReference; fileEncoding = 4; lastKnownFileType = sourcecode.c.h; path = SmscConnectionMessagePassingProtocol.h; sourceTree = "<group>"; };
		A6BCC8E22AE6DF3900C34D40 /* SmscConnectionSMPP.h */ = {isa = PBXFileReference; fileEncoding = 4; lastKnownFileType = sourcecode.c.h; path = SmscConnectionSMPP.h; sourceTree = "<group>"; };
		A6BCC8E32AE6DF3900C34D40 /* SmppErrorCode.h */ = {isa = PBXFileReference; fileEncoding = 4; lastKnownFileType = sourcecode.c.h; path = SmppErrorCode.h; sourceTree = "<group>"; };
		A6BCC8E42AE6DF3900C34D40 /* SmppMultiResult.m */ = {isa = PBXFileReference; fileEncoding = 4; lastKnownFileType = sourcecode.c.objc; path = SmppMultiResult.m; sourceTree = "<group>"; };
		A6BCC8E52AE6DF3900C34D40 /* UniversalSMPP.h */ = {isa = PBXFileReference; fileEncoding = 4; lastKnownFileType = sourcecode.c.h; path = UniversalSMPP.h; sourceTree = "<group>"; };
		A6BCC8E62AE6DF3900C34D40 /* SmppPdu.m */ = {isa = PBXFileReference; fileEncoding = 4; lastKnownFileType = sourcecode.c.objc; path = SmppPdu.m; sourceTree = "<group>"; };
		A6BCC8E72AE6DF3900C34D40 /* SmppTlv.h */ = {isa = PBXFileReference; fileEncoding = 4; lastKnownFileType = sourcecode.c.h; path = SmppTlv.h; sourceTree = "<group>"; };
		A6BCC8E82AE6DF3900C34D40 /* SmscConnectionSMPP.m */ = {isa = PBXFileReference; fileEncoding = 4; lastKnownFileType = sourcecode.c.objc; path = SmscConnectionSMPP.m; sourceTree = "<group>"; };
		A6BCC8E92AE6DF3900C34D40 /* SmppTlv.m */ = {isa = PBXFileReference; fileEncoding = 4; lastKnownFileType = sourcecode.c.objc; path = SmppTlv.m; sourceTree = "<group>"; };
		A6BCC8EA2AE6DF3900C34D40 /* SmppMultiResult.h */ = {isa = PBXFileReference; fileEncoding = 4; lastKnownFileType = sourcecode.c.h; path = SmppMultiResult.h; sourceTree = "<group>"; };
		A6BCC8EB2AE6DF3900C34D40 /* SmppPdu.h */ = {isa = PBXFileReference; fileEncoding = 4; lastKnownFileType = sourcecode.c.h; path = SmppPdu.h; sourceTree = "<group>"; };
		A6BCC8F62AE6DF5300C34D40 /* UniversalEMIUCP.h */ = {isa = PBXFileReference; fileEncoding = 4; lastKnownFileType = sourcecode.c.h; path = UniversalEMIUCP.h; sourceTree = "<group>"; };
		A6BCC8F72AE6DF5300C34D40 /* SmscConnectionEMIUCP.h */ = {isa = PBXFileReference; fileEncoding = 4; lastKnownFileType = sourcecode.c.h; path = SmscConnectionEMIUCP.h; sourceTree = "<group>"; };
		A6BCC8F82AE6DF5300C34D40 /* SmscConnectionEMIUCP.m */ = {isa = PBXFileReference; fileEncoding = 4; lastKnownFileType = sourcecode.c.objc; path = SmscConnectionEMIUCP.m; sourceTree = "<group>"; };
		A6D54EAA181EAE630030B3BD /* Info.plist */ = {isa = PBXFileReference; fileEncoding = 4; lastKnownFileType = text.plist.xml; path = Info.plist; sourceTree = "<group>"; };
		A6DB3E73191E41810090FC94 /* ulibsmpp.m */ = {isa = PBXFileReference; fileEncoding = 4; lastKnownFileType = sourcecode.c.objc; path = ulibsmpp.m; sourceTree = "<group>"; };
		A6DDD9281635FAFA002FA7CC /* ulibsmpp-Prefix.pch */ = {isa = PBXFileReference; lastKnownFileType = sourcecode.c.h; path = "ulibsmpp-Prefix.pch"; sourceTree = "<group>"; };
		A6DDD92B1635FBC6002FA7CC /* en */ = {isa = PBXFileReference; lastKnownFileType = text.plist.strings; name = en; path = InfoPlist.strings; sourceTree = "<group>"; };
		A6DDD95E1635FD4B002FA7CC /* UniversalSMSUtilities.h */ = {isa = PBXFileReference; fileEncoding = 4; lastKnownFileType = sourcecode.c.h; path = UniversalSMSUtilities.h; sourceTree = "<group>"; };
		A6DDD9C816361D92002FA7CC /* ulibsmpp.h */ = {isa = PBXFileReference; fileEncoding = 4; lastKnownFileType = sourcecode.c.h; lineEnding = 0; path = ulibsmpp.h; sourceTree = "<group>"; xcLanguageSpecificationIdentifier = xcode.lang.objcpp; };
		A6DDD9D0163621FD002FA7CC /* NSString+UniversalSMPP.h */ = {isa = PBXFileReference; fileEncoding = 4; lastKnownFileType = sourcecode.c.h; lineEnding = 0; path = "NSString+UniversalSMPP.h"; sourceTree = "<group>"; xcLanguageSpecificationIdentifier = xcode.lang.objcpp; };
		A6DDD9D1163621FD002FA7CC /* NSString+UniversalSMPP.m */ = {isa = PBXFileReference; fileEncoding = 4; lastKnownFileType = sourcecode.c.objc; lineEnding = 0; path = "NSString+UniversalSMPP.m"; sourceTree = "<group>"; xcLanguageSpecificationIdentifier = xcode.lang.objc; };
		A6DDD9D51636221A002FA7CC /* NSMutableString+UniversalSMPP.h */ = {isa = PBXFileReference; fileEncoding = 4; lastKnownFileType = sourcecode.c.h; lineEnding = 0; path = "NSMutableString+UniversalSMPP.h"; sourceTree = "<group>"; xcLanguageSpecificationIdentifier = xcode.lang.objcpp; };
		A6DDD9D61636221A002FA7CC /* NSMutableString+UniversalSMPP.m */ = {isa = PBXFileReference; fileEncoding = 4; lastKnownFileType = sourcecode.c.objc; lineEnding = 0; path = "NSMutableString+UniversalSMPP.m"; sourceTree = "<group>"; xcLanguageSpecificationIdentifier = xcode.lang.objc; };
		A6F693EE1B4E83330090FC94 /* configure.in */ = {isa = PBXFileReference; lastKnownFileType = text; path = configure.in; sourceTree = "<group>"; };
		A6F6941B1B4E855F0090FC94 /* Makefile.linux.in */ = {isa = PBXFileReference; lastKnownFileType = text; path = Makefile.linux.in; sourceTree = "<group>"; };
		A6F6941C1B4E855F0090FC94 /* Makefile.osx.in */ = {isa = PBXFileReference; lastKnownFileType = text; path = Makefile.osx.in; sourceTree = "<group>"; };
		A6F6941D1B4E855F0090FC94 /* ulibsmpp.pc.in */ = {isa = PBXFileReference; lastKnownFileType = text; path = ulibsmpp.pc.in; sourceTree = "<group>"; };
/* End PBXFileReference section */

/* Begin PBXFrameworksBuildPhase section */
		22278AEE162D53D200633C39 /* Frameworks */ = {
			isa = PBXFrameworksBuildPhase;
			buildActionMask = 2147483647;
			files = (
				A6798B9F22BBBAD00019806C /* ulib.framework in Frameworks */,
				A642ADB91AC9CEE500854472 /* Foundation.framework in Frameworks */,
				A68348C528854CF3003351AF /* ulibasn1.framework in Frameworks */,
			);
			runOnlyForDeploymentPostprocessing = 0;
		};
		22567EDD1AEA6FA500603C7A /* Frameworks */ = {
			isa = PBXFrameworksBuildPhase;
			buildActionMask = 2147483647;
			files = (
				22567EE61AEA6FA500603C7A /* ulibsmpp.framework in Frameworks */,
			);
			runOnlyForDeploymentPostprocessing = 0;
		};
/* End PBXFrameworksBuildPhase section */

/* Begin PBXGroup section */
		22278AE6162D53D200633C39 = {
			isa = PBXGroup;
			children = (
				A6019BAF1AC15C3A00854472 /* VERSION */,
				A6F693EE1B4E83330090FC94 /* configure.in */,
				A6F6941B1B4E855F0090FC94 /* Makefile.linux.in */,
				A6F6941C1B4E855F0090FC94 /* Makefile.osx.in */,
				A6F6941D1B4E855F0090FC94 /* ulibsmpp.pc.in */,
				225C200F1AEF862B00C86D4F /* TestDeliveryReport.m */,
				A6DDD92E1635FD4B002FA7CC /* ulibsmpp */,
				22278B11162D53D200633C39 /* ulibsmppTests */,
				22278AF4162D53D200633C39 /* Frameworks */,
				22278AF3162D53D200633C39 /* Products */,
				A6DDD9261635FAFA002FA7CC /* SupportingFiles */,
				A6DDD9241635FAEF002FA7CC /* Resources */,
			);
			sourceTree = "<group>";
		};
		22278AF3162D53D200633C39 /* Products */ = {
			isa = PBXGroup;
			children = (
				22278AF2162D53D200633C39 /* ulibsmpp.framework */,
				22567EE01AEA6FA500603C7A /* ulibsmppTests.framework */,
			);
			name = Products;
			sourceTree = "<group>";
		};
		22278AF4162D53D200633C39 /* Frameworks */ = {
			isa = PBXGroup;
			children = (
				A6798B9E22BBBAD00019806C /* ulib.framework */,
				A68348C428854CF3003351AF /* ulibasn1.framework */,
				22278AFA162D53D200633C39 /* Foundation.framework */,
			);
			name = Frameworks;
			sourceTree = "<group>";
		};
		22278B11162D53D200633C39 /* ulibsmppTests */ = {
			isa = PBXGroup;
			children = (
				22DF11DA1635377500900D01 /* submit-test.conf */,
				22567EE31AEA6FA500603C7A /* Info.plist */,
				22DF11D81635376900900D01 /* smpp-server.conf */,
				22DF11D61635375800900D01 /* smpp-client.conf */,
				22278B2A162D55BB00633C39 /* smpptest.h */,
				22278B2B162D55C800633C39 /* smpptest.m */,
				22278B29162D559E00633C39 /* NSString+TestUtils.h */,
				22278B26162D558400633C39 /* NSString+TestSMPPAdditions.h */,
				22278B27162D559100633C39 /* NSString+TestSMPPAdditions.m */,
				22DB84B5162DAA0000F2223C /* TestCounter.h */,
				22DB84B6162DAA0100F2223C /* TestCounter.m */,
				22278B2D162D55D100633C39 /* TestLogFile.h */,
				22278B2E162D55E400633C39 /* TestLogFile.m */,
				225C20111AEF869200C86D4F /* TestDeliveryReport.h */,
				225C20141AEF873400C86D4F /* TestDeliveryReport.m */,
				22278B30162D560700633C39 /* TestMessage.h */,
				22278B31162D561000633C39 /* TestMessage.m */,
				22278B33162D562100633C39 /* TestObject.h */,
				22278B34162D562D00633C39 /* TestObject.m */,
				22278B39162D565400633C39 /* TestRouter.h */,
				22278B3A162D566100633C39 /* TestRouter.m */,
				227F45E616B9655D00E93608 /* TestSMPPAdditions.h */,
				227F45E716B9657100E93608 /* TestSMPPAdditions.m */,
				227F45EC16B9659A00E93608 /* TestUtils.h */,
				227F45ED16B965A500E93608 /* TestUtils.m */,
				22278B3C162D568100633C39 /* TestUser.h */,
				22278B3D162D569200633C39 /* TestUser.m */,
			);
			path = ulibsmppTests;
			sourceTree = "<group>";
		};
		A6DDD9241635FAEF002FA7CC /* Resources */ = {
			isa = PBXGroup;
			children = (
				A6DDD9291635FB88002FA7CC /* en.lproj */,
			);
			path = Resources;
			sourceTree = "<group>";
		};
		A6DDD9261635FAFA002FA7CC /* SupportingFiles */ = {
			isa = PBXGroup;
			children = (
				A6D54EAA181EAE630030B3BD /* Info.plist */,
				A6DDD9281635FAFA002FA7CC /* ulibsmpp-Prefix.pch */,
			);
			path = SupportingFiles;
			sourceTree = "<group>";
		};
		A6DDD9291635FB88002FA7CC /* en.lproj */ = {
			isa = PBXGroup;
			children = (
				A6DDD92A1635FBC6002FA7CC /* InfoPlist.strings */,
			);
			path = en.lproj;
			sourceTree = "<group>";
		};
		A6DDD92E1635FD4B002FA7CC /* ulibsmpp */ = {
			isa = PBXGroup;
			children = (
				A6DDD9C816361D92002FA7CC /* ulibsmpp.h */,
				A6DB3E73191E41810090FC94 /* ulibsmpp.m */,
				A6DDD9D0163621FD002FA7CC /* NSString+UniversalSMPP.h */,
				A6DDD9D1163621FD002FA7CC /* NSString+UniversalSMPP.m */,
				A6DDD9D51636221A002FA7CC /* NSMutableString+UniversalSMPP.h */,
				A6DDD9D61636221A002FA7CC /* NSMutableString+UniversalSMPP.m */,
				A6EF387B1A19F3D40090FC94 /* UniversalEMIUCP */,
				A6DDD92F1635FD4B002FA7CC /* UniversalSMPP */,
				A6DDD9361635FD4B002FA7CC /* UniversalSMSC */,
				A6DDD9441635FD4B002FA7CC /* UniversalSMSUtilities */,
			);
			path = ulibsmpp;
			sourceTree = "<group>";
		};
		A6DDD92F1635FD4B002FA7CC /* UniversalSMPP */ = {
			isa = PBXGroup;
			children = (
				A6BCC8E52AE6DF3900C34D40 /* UniversalSMPP.h */,
				A6BCC8E32AE6DF3900C34D40 /* SmppErrorCode.h */,
				A6BCC8EA2AE6DF3900C34D40 /* SmppMultiResult.h */,
				A6BCC8E42AE6DF3900C34D40 /* SmppMultiResult.m */,
				A6BCC8EB2AE6DF3900C34D40 /* SmppPdu.h */,
				A6BCC8E62AE6DF3900C34D40 /* SmppPdu.m */,
				A6BCC8E72AE6DF3900C34D40 /* SmppTlv.h */,
				A6BCC8E92AE6DF3900C34D40 /* SmppTlv.m */,
				A6BCC8E22AE6DF3900C34D40 /* SmscConnectionSMPP.h */,
				A6BCC8E82AE6DF3900C34D40 /* SmscConnectionSMPP.m */,
			);
			path = UniversalSMPP;
			sourceTree = "<group>";
		};
		A6DDD9361635FD4B002FA7CC /* UniversalSMSC */ = {
			isa = PBXGroup;
			children = (
				A6BCC8A92AE6DF2600C34D40 /* DeliveryReportErrorCode.h */,
				A6BCC8BD2AE6DF2600C34D40 /* GSMErrorCode.h */,
				A6BCC8BF2AE6DF2600C34D40 /* SmscConnection.h */,
				A6BCC8BB2AE6DF2600C34D40 /* SmscConnection.m */,
				A6BCC8AC2AE6DF2600C34D40 /* SmscConnectionFAIL.h */,
				A6BCC8A82AE6DF2600C34D40 /* SmscConnectionFAIL.m */,
				A6BCC8C32AE6DF2600C34D40 /* SmscConnectionMessagePassingProtocol.h */,
				A6BCC8A72AE6DF2600C34D40 /* SmscConnectionMessageProtocol.h */,
				A6BCC8AA2AE6DF2600C34D40 /* SmscConnectionNACK.h */,
				A6BCC8B52AE6DF2600C34D40 /* SmscConnectionNACK.m */,
				A6BCC8BA2AE6DF2600C34D40 /* SmscConnectionNULL.h */,
				A6BCC8B32AE6DF2600C34D40 /* SmscConnectionNULL.m */,
				A6BCC8C12AE6DF2600C34D40 /* SmscConnectionProtocol.h */,
				A6BCC8B62AE6DF2600C34D40 /* SmscConnectionReadyProtocol.h */,
				A6BCC8C02AE6DF2600C34D40 /* SmscConnectionReportProtocol.h */,
				A6BCC8B12AE6DF2600C34D40 /* SmscConnectionRouterProtocol.h */,
				A6BCC8BC2AE6DF2600C34D40 /* SmscConnectionRouterUserProtocol.h */,
				A6BCC8B92AE6DF2600C34D40 /* SmscConnectionTransaction.h */,
				A6BCC8B22AE6DF2600C34D40 /* SmscConnectionTransaction.m */,
				A6BCC8B42AE6DF2600C34D40 /* SmscConnectionTransactionProtocol.h */,
				A6BCC8B72AE6DF2600C34D40 /* SmscConnectionUserProtocol.h */,
				A6BCC8AB2AE6DF2600C34D40 /* SmscMessageWellProtocol.h */,
				A6BCC8C22AE6DF2600C34D40 /* SmscReportWellProtocoll.h */,
				A6BCC8AD2AE6DF2600C34D40 /* SmscRouterError.h */,
				A6BCC8AE2AE6DF2600C34D40 /* SmscRouterError.m */,
				A6BCC8B82AE6DF2600C34D40 /* SmscRouterProtocol.h */,
				A6BCC8AF2AE6DF2600C34D40 /* SmscRouterUserProtocol.h */,
				A6BCC8B02AE6DF2600C34D40 /* SmscStandardReport.h */,
				A6BCC8BE2AE6DF2600C34D40 /* SmscStandardReport.m */,
				A6BCC8A62AE6DF2600C34D40 /* UniversalSMSC.h */,
			);
			path = UniversalSMSC;
			sourceTree = "<group>";
		};
		A6DDD9441635FD4B002FA7CC /* UniversalSMSUtilities */ = {
			isa = PBXGroup;
			children = (
				A6DDD95E1635FD4B002FA7CC /* UniversalSMSUtilities.h */,
				A6BCC8862AE6DF0700C34D40 /* GsmCharSet.h */,
				A6BCC87C2AE6DF0700C34D40 /* GsmCharSet.m */,
				A6BCC88D2AE6DF0800C34D40 /* NSData+HexFunctions.h */,
				A6BCC87E2AE6DF0700C34D40 /* NSData+HexFunctions.m */,
				A6BCC8812AE6DF0700C34D40 /* NSMutableData+UMTestString.h */,
				A6BCC88B2AE6DF0800C34D40 /* NSMutableData+UMTestString.m */,
				A6BCC8882AE6DF0800C34D40 /* NSMutableString+UMTestString.h */,
				A6BCC88C2AE6DF0800C34D40 /* NSMutableString+UMTestString.m */,
				A6BCC87B2AE6DF0700C34D40 /* NSString+HexFunctions.h */,
				A6BCC8822AE6DF0700C34D40 /* NSString+HexFunctions.m */,
				A6BCC8892AE6DF0800C34D40 /* PointCode.h */,
				A6BCC87D2AE6DF0700C34D40 /* PointCode.m */,
				A6BCC8872AE6DF0800C34D40 /* PriorityQueue.h */,
				A6BCC8832AE6DF0700C34D40 /* PriorityQueue.m */,
				A6BCC87F2AE6DF0700C34D40 /* SigAddr.h */,
				A6BCC88A2AE6DF0800C34D40 /* TestUtils.h */,
				A6BCC8842AE6DF0700C34D40 /* TestUtils.m */,
				A6BCC8782AE6DF0700C34D40 /* UMPrefs.h */,
				A6BCC8762AE6DF0700C34D40 /* UMPrefs.m */,
				A6BCC8802AE6DF0700C34D40 /* UMSigAddr.h */,
				A6BCC87A2AE6DF0700C34D40 /* UMSigAddr.m */,
				A6BCC8852AE6DF0700C34D40 /* UMSigAddrWithHistory.h */,
				A6BCC8772AE6DF0700C34D40 /* UMSigAddrWithHistory.m */,
			);
			path = UniversalSMSUtilities;
			sourceTree = "<group>";
		};
		A6EF387B1A19F3D40090FC94 /* UniversalEMIUCP */ = {
			isa = PBXGroup;
			children = (
				A6BCC8F62AE6DF5300C34D40 /* UniversalEMIUCP.h */,
				A6BCC8F72AE6DF5300C34D40 /* SmscConnectionEMIUCP.h */,
				A6BCC8F82AE6DF5300C34D40 /* SmscConnectionEMIUCP.m */,
			);
			path = UniversalEMIUCP;
			sourceTree = "<group>";
		};
/* End PBXGroup section */

/* Begin PBXHeadersBuildPhase section */
		22278AEF162D53D200633C39 /* Headers */ = {
			isa = PBXHeadersBuildPhase;
			buildActionMask = 2147483647;
			files = (
				A6793D921934AA2F0090FC94 /* ulibsmpp.h in Headers */,
				A6BCC8DF2AE6DF2600C34D40 /* SmscConnectionProtocol.h in Headers */,
				A6793D931934AA2F0090FC94 /* NSString+UniversalSMPP.h in Headers */,
				A6BCC8F42AE6DF3900C34D40 /* SmppMultiResult.h in Headers */,
				A6BCC8D52AE6DF2600C34D40 /* SmscConnectionUserProtocol.h in Headers */,
				A6793D941934AA2F0090FC94 /* NSMutableString+UniversalSMPP.h in Headers */,
				A6BCC8D22AE6DF2600C34D40 /* SmscConnectionTransactionProtocol.h in Headers */,
				A6BCC8992AE6DF0800C34D40 /* NSMutableData+UMTestString.h in Headers */,
				A6BCC8CF2AE6DF2600C34D40 /* SmscConnectionRouterProtocol.h in Headers */,
				A6BCC8EC2AE6DF3900C34D40 /* SmscConnectionSMPP.h in Headers */,
				A6BCC8E12AE6DF2600C34D40 /* SmscConnectionMessagePassingProtocol.h in Headers */,
				A6BCC8C52AE6DF2600C34D40 /* SmscConnectionMessageProtocol.h in Headers */,
				A6BCC8902AE6DF0800C34D40 /* UMPrefs.h in Headers */,
				A6BCC8932AE6DF0800C34D40 /* NSString+HexFunctions.h in Headers */,
				A6BCC8E02AE6DF2600C34D40 /* SmscReportWellProtocoll.h in Headers */,
				A6BCC8C72AE6DF2600C34D40 /* DeliveryReportErrorCode.h in Headers */,
				A6BCC8D62AE6DF2600C34D40 /* SmscRouterProtocol.h in Headers */,
				A6BCC8F92AE6DF5300C34D40 /* UniversalEMIUCP.h in Headers */,
				A6BCC8C42AE6DF2600C34D40 /* UniversalSMSC.h in Headers */,
				A6BCC8F12AE6DF3900C34D40 /* SmppTlv.h in Headers */,
				A6BCC8CA2AE6DF2600C34D40 /* SmscConnectionFAIL.h in Headers */,
				A6BCC8EF2AE6DF3900C34D40 /* UniversalSMPP.h in Headers */,
				A6BCC89E2AE6DF0800C34D40 /* GsmCharSet.h in Headers */,
				A6BCC8A52AE6DF0800C34D40 /* NSData+HexFunctions.h in Headers */,
				A6BCC8A12AE6DF0800C34D40 /* PointCode.h in Headers */,
				A6793DA91934AAAD0090FC94 /* UniversalSMSUtilities.h in Headers */,
				A6BCC8972AE6DF0800C34D40 /* SigAddr.h in Headers */,
				A6BCC89F2AE6DF0800C34D40 /* PriorityQueue.h in Headers */,
				A6BCC8ED2AE6DF3900C34D40 /* SmppErrorCode.h in Headers */,
				A6BCC8D72AE6DF2600C34D40 /* SmscConnectionTransaction.h in Headers */,
				A6BCC8CB2AE6DF2600C34D40 /* SmscRouterError.h in Headers */,
				A6BCC8D82AE6DF2600C34D40 /* SmscConnectionNULL.h in Headers */,
				A6BCC8D42AE6DF2600C34D40 /* SmscConnectionReadyProtocol.h in Headers */,
				A6BCC8CD2AE6DF2600C34D40 /* SmscRouterUserProtocol.h in Headers */,
				A6BCC8CE2AE6DF2600C34D40 /* SmscStandardReport.h in Headers */,
				A6BCC8DE2AE6DF2600C34D40 /* SmscConnectionReportProtocol.h in Headers */,
				A6BCC8C82AE6DF2600C34D40 /* SmscConnectionNACK.h in Headers */,
				A6BCC8C92AE6DF2600C34D40 /* SmscMessageWellProtocol.h in Headers */,
				A6BCC8FA2AE6DF5300C34D40 /* SmscConnectionEMIUCP.h in Headers */,
				A6BCC8DA2AE6DF2600C34D40 /* SmscConnectionRouterUserProtocol.h in Headers */,
				A6BCC8F52AE6DF3900C34D40 /* SmppPdu.h in Headers */,
				A6BCC8982AE6DF0800C34D40 /* UMSigAddr.h in Headers */,
				A6BCC8DD2AE6DF2600C34D40 /* SmscConnection.h in Headers */,
				A6BCC8DB2AE6DF2600C34D40 /* GSMErrorCode.h in Headers */,
				A6BCC89D2AE6DF0800C34D40 /* UMSigAddrWithHistory.h in Headers */,
				A6BCC8A02AE6DF0800C34D40 /* NSMutableString+UMTestString.h in Headers */,
				A6BCC8A22AE6DF0800C34D40 /* TestUtils.h in Headers */,
			);
			runOnlyForDeploymentPostprocessing = 0;
		};
/* End PBXHeadersBuildPhase section */

/* Begin PBXNativeTarget section */
		22278AF1162D53D200633C39 /* ulibsmpp */ = {
			isa = PBXNativeTarget;
			buildConfigurationList = 22278B1C162D53D200633C39 /* Build configuration list for PBXNativeTarget "ulibsmpp" */;
			buildPhases = (
				A67598091B1C621B0090FC94 /* ShellScript */,
				22278AED162D53D200633C39 /* Sources */,
				22278AEE162D53D200633C39 /* Frameworks */,
				22278AEF162D53D200633C39 /* Headers */,
				22278AF0162D53D200633C39 /* Resources */,
			);
			buildRules = (
			);
			dependencies = (
			);
			name = ulibsmpp;
			productName = ulibsmpp;
			productReference = 22278AF2162D53D200633C39 /* ulibsmpp.framework */;
			productType = "com.apple.product-type.framework";
		};
		22567EDF1AEA6FA500603C7A /* ulibsmppTests */ = {
			isa = PBXNativeTarget;
			buildConfigurationList = 22567EEB1AEA6FA500603C7A /* Build configuration list for PBXNativeTarget "ulibsmppTests" */;
			buildPhases = (
				22567EDC1AEA6FA500603C7A /* Sources */,
				22567EDD1AEA6FA500603C7A /* Frameworks */,
				22567EDE1AEA6FA500603C7A /* Resources */,
			);
			buildRules = (
			);
			dependencies = (
				22567EE81AEA6FA500603C7A /* PBXTargetDependency */,
			);
			name = ulibsmppTests;
			productName = ulibsmppTests;
			productReference = 22567EE01AEA6FA500603C7A /* ulibsmppTests.framework */;
			productType = "com.apple.product-type.bundle.unit-test";
		};
/* End PBXNativeTarget section */

/* Begin PBXProject section */
		22278AE8162D53D200633C39 /* Project object */ = {
			isa = PBXProject;
			attributes = {
				LastTestingUpgradeCheck = 0510;
				LastUpgradeCheck = 1400;
				ORGANIZATIONNAME = "";
				TargetAttributes = {
					22278AF1162D53D200633C39 = {
						DevelopmentTeam = 2GSNWPNR77;
						ProvisioningStyle = Automatic;
					};
					22567EDF1AEA6FA500603C7A = {
						CreatedOnToolsVersion = 6.1.1;
						DevelopmentTeam = 2GSNWPNR77;
						ProvisioningStyle = Automatic;
					};
				};
			};
			buildConfigurationList = 22278AEB162D53D200633C39 /* Build configuration list for PBXProject "ulibsmpp" */;
			compatibilityVersion = "Xcode 3.2";
			developmentRegion = en;
			hasScannedForEncodings = 0;
			knownRegions = (
				en,
				Base,
			);
			mainGroup = 22278AE6162D53D200633C39;
			productRefGroup = 22278AF3162D53D200633C39 /* Products */;
			projectDirPath = "";
			projectRoot = "";
			targets = (
				22278AF1162D53D200633C39 /* ulibsmpp */,
				22567EDF1AEA6FA500603C7A /* ulibsmppTests */,
			);
		};
/* End PBXProject section */

/* Begin PBXResourcesBuildPhase section */
		22278AF0162D53D200633C39 /* Resources */ = {
			isa = PBXResourcesBuildPhase;
			buildActionMask = 2147483647;
			files = (
			);
			runOnlyForDeploymentPostprocessing = 0;
		};
		22567EDE1AEA6FA500603C7A /* Resources */ = {
			isa = PBXResourcesBuildPhase;
			buildActionMask = 2147483647;
			files = (
				22567EED1AEA700400603C7A /* smpp-server.conf in Resources */,
				22567EEE1AEA700800603C7A /* smpp-client.conf in Resources */,
				22567EEC1AEA6FFE00603C7A /* submit-test.conf in Resources */,
			);
			runOnlyForDeploymentPostprocessing = 0;
		};
/* End PBXResourcesBuildPhase section */

/* Begin PBXShellScriptBuildPhase section */
		A67598091B1C621B0090FC94 /* ShellScript */ = {
			isa = PBXShellScriptBuildPhase;
			buildActionMask = 2147483647;
			files = (
			);
			inputPaths = (
				"$(SRCROOT)/VERSION",
			);
			outputPaths = (
				"$(DERIVED_FILE_DIR)/version.h",
			);
			runOnlyForDeploymentPostprocessing = 0;
			shellPath = /bin/sh;
			shellScript = "if [ -f version.h ]\nthen\nif [ VERSION -nt version.h ]\nthen\n./configure\nfi\nelse\n./configure\nfi\n";
		};
/* End PBXShellScriptBuildPhase section */

/* Begin PBXSourcesBuildPhase section */
		22278AED162D53D200633C39 /* Sources */ = {
			isa = PBXSourcesBuildPhase;
			buildActionMask = 2147483647;
			files = (
				A6BCC88F2AE6DF0800C34D40 /* UMSigAddrWithHistory.m in Sources */,
				A6BCC8CC2AE6DF2600C34D40 /* SmscRouterError.m in Sources */,
				A6BCC89B2AE6DF0800C34D40 /* PriorityQueue.m in Sources */,
				A6BCC88E2AE6DF0800C34D40 /* UMPrefs.m in Sources */,
				A6BCC8D12AE6DF2600C34D40 /* SmscConnectionNULL.m in Sources */,
				A6BCC8F02AE6DF3900C34D40 /* SmppPdu.m in Sources */,
				A6BCC8DC2AE6DF2600C34D40 /* SmscStandardReport.m in Sources */,
				A6BCC8EE2AE6DF3900C34D40 /* SmppMultiResult.m in Sources */,
				A6BCC8922AE6DF0800C34D40 /* UMSigAddr.m in Sources */,
				A6BCC8A32AE6DF0800C34D40 /* NSMutableData+UMTestString.m in Sources */,
				A6BCC8F32AE6DF3900C34D40 /* SmppTlv.m in Sources */,
				A6BCC8D32AE6DF2600C34D40 /* SmscConnectionNACK.m in Sources */,
				A6DB3E74191E41810090FC94 /* ulibsmpp.m in Sources */,
				A6BCC8C62AE6DF2600C34D40 /* SmscConnectionFAIL.m in Sources */,
				A6BCC8962AE6DF0800C34D40 /* NSData+HexFunctions.m in Sources */,
				A6BCC8D02AE6DF2600C34D40 /* SmscConnectionTransaction.m in Sources */,
				A6BCC8FB2AE6DF5300C34D40 /* SmscConnectionEMIUCP.m in Sources */,
				A6BCC8942AE6DF0800C34D40 /* GsmCharSet.m in Sources */,
				A6BCC8D92AE6DF2600C34D40 /* SmscConnection.m in Sources */,
				A6BCC8952AE6DF0800C34D40 /* PointCode.m in Sources */,
				A6DDD9D3163621FD002FA7CC /* NSString+UniversalSMPP.m in Sources */,
				A6BCC89A2AE6DF0800C34D40 /* NSString+HexFunctions.m in Sources */,
				A6DDD9D81636221A002FA7CC /* NSMutableString+UniversalSMPP.m in Sources */,
				A6BCC89C2AE6DF0800C34D40 /* TestUtils.m in Sources */,
				A6BCC8F22AE6DF3900C34D40 /* SmscConnectionSMPP.m in Sources */,
				A6BCC8A42AE6DF0800C34D40 /* NSMutableString+UMTestString.m in Sources */,
			);
			runOnlyForDeploymentPostprocessing = 0;
		};
		22567EDC1AEA6FA500603C7A /* Sources */ = {
			isa = PBXSourcesBuildPhase;
			buildActionMask = 2147483647;
			files = (
				22567EF51AEA703700603C7A /* TestRouter.m in Sources */,
				221D0F6B1AEA71D8000E8189 /* NSMutableString+UniversalSMPP.m in Sources */,
				22567EF11AEA702100603C7A /* TestCounter.m in Sources */,
				22567EF31AEA702D00603C7A /* TestMessage.m in Sources */,
				225C20101AEF862B00C86D4F /* TestDeliveryReport.m in Sources */,
				22567EF81AEA704600603C7A /* TestUser.m in Sources */,
				22567EF21AEA702800603C7A /* TestLogFile.m in Sources */,
				22567EF41AEA703200603C7A /* TestObject.m in Sources */,
				22567EF61AEA703B00603C7A /* TestSMPPAdditions.m in Sources */,
				221D0F6A1AEA71D4000E8189 /* NSString+UniversalSMPP.m in Sources */,
				221D0F691AEA71CF000E8189 /* ulibsmpp.m in Sources */,
				22567EEF1AEA700E00603C7A /* smpptest.m in Sources */,
				22567EF01AEA701B00603C7A /* NSString+TestSMPPAdditions.m in Sources */,
				22567EF71AEA704100603C7A /* TestUtils.m in Sources */,
			);
			runOnlyForDeploymentPostprocessing = 0;
		};
/* End PBXSourcesBuildPhase section */

/* Begin PBXTargetDependency section */
		22567EE81AEA6FA500603C7A /* PBXTargetDependency */ = {
			isa = PBXTargetDependency;
			target = 22278AF1162D53D200633C39 /* ulibsmpp */;
			targetProxy = 22567EE71AEA6FA500603C7A /* PBXContainerItemProxy */;
		};
/* End PBXTargetDependency section */

/* Begin PBXVariantGroup section */
		A6DDD92A1635FBC6002FA7CC /* InfoPlist.strings */ = {
			isa = PBXVariantGroup;
			children = (
				A6DDD92B1635FBC6002FA7CC /* en */,
			);
			name = InfoPlist.strings;
			sourceTree = "<group>";
		};
/* End PBXVariantGroup section */

/* Begin XCBuildConfiguration section */
		22278B1A162D53D200633C39 /* Debug */ = {
			isa = XCBuildConfiguration;
			buildSettings = {
				ALWAYS_SEARCH_USER_PATHS = NO;
				CLANG_ANALYZER_LOCALIZABILITY_NONLOCALIZED = YES;
				CLANG_CXX_LANGUAGE_STANDARD = "compiler-default";
				CLANG_ENABLE_OBJC_ARC = YES;
				CLANG_WARN_BLOCK_CAPTURE_AUTORELEASING = YES;
				CLANG_WARN_BOOL_CONVERSION = YES;
				CLANG_WARN_COMMA = YES;
				CLANG_WARN_CONSTANT_CONVERSION = YES;
				CLANG_WARN_DEPRECATED_OBJC_IMPLEMENTATIONS = YES;
				CLANG_WARN_EMPTY_BODY = YES;
				CLANG_WARN_ENUM_CONVERSION = YES;
				CLANG_WARN_INFINITE_RECURSION = YES;
				CLANG_WARN_INT_CONVERSION = YES;
				CLANG_WARN_NON_LITERAL_NULL_CONVERSION = YES;
				CLANG_WARN_OBJC_IMPLICIT_RETAIN_SELF = YES;
				CLANG_WARN_OBJC_LITERAL_CONVERSION = YES;
				CLANG_WARN_RANGE_LOOP_ANALYSIS = YES;
				CLANG_WARN_STRICT_PROTOTYPES = YES;
				CLANG_WARN_SUSPICIOUS_MOVE = YES;
				CLANG_WARN_UNREACHABLE_CODE = YES;
				CLANG_WARN__DUPLICATE_METHOD_MATCH = YES;
				CODE_SIGN_IDENTITY = "";
				COMBINE_HIDPI_IMAGES = YES;
				COPY_PHASE_STRIP = NO;
				DEBUG_INFORMATION_FORMAT = dwarf;
				DEPLOYMENT_LOCATION = YES;
				DEPLOYMENT_POSTPROCESSING = YES;
				DSTROOT = "/LIbrary/Application Support/";
				DYLIB_COMPATIBILITY_VERSION = 1.5.1;
				DYLIB_CURRENT_VERSION = 1.5.1;
				ENABLE_STRICT_OBJC_MSGSEND = YES;
				ENABLE_TESTABILITY = YES;
				FRAMEWORK_SEARCH_PATHS = "\"/Library/Application Support/FinkTelecomServices/frameworks\"";
				GCC_C_LANGUAGE_STANDARD = "compiler-default";
				GCC_DYNAMIC_NO_PIC = NO;
				GCC_ENABLE_OBJC_EXCEPTIONS = YES;
				GCC_INSTRUMENT_PROGRAM_FLOW_ARCS = YES;
				GCC_NO_COMMON_BLOCKS = YES;
				GCC_OPTIMIZATION_LEVEL = 0;
				GCC_PREPROCESSOR_DEFINITIONS = (
					"DEBUG=1",
					"$(inherited)",
				);
				GCC_SYMBOLS_PRIVATE_EXTERN = NO;
				GCC_WARN_64_TO_32_BIT_CONVERSION = YES;
				GCC_WARN_ABOUT_RETURN_TYPE = YES;
				GCC_WARN_UNDECLARED_SELECTOR = YES;
				GCC_WARN_UNINITIALIZED_AUTOS = YES;
				GCC_WARN_UNUSED_FUNCTION = YES;
				GCC_WARN_UNUSED_VARIABLE = YES;
				GENERATE_PROFILING_CODE = YES;
				HEADER_SEARCH_PATHS = /usr/local/include;
				INFOPLIST_FILE = SupportingFiles/Info.plist;
				INSTALL_PATH = /FinkTelecomServices/frameworks;
				MACOSX_DEPLOYMENT_TARGET = 13.0;
				ONLY_ACTIVE_ARCH = NO;
				OTHER_CFLAGS = "-DULIBSMPP_CONFIG=Debug";
				PRODUCT_NAME = ulibsmpp;
				SDKROOT = macosx;
				STRIP_INSTALLED_PRODUCT = NO;
				WRAPPER_EXTENSION = framework;
			};
			name = Debug;
		};
		22278B1B162D53D200633C39 /* Release */ = {
			isa = XCBuildConfiguration;
			buildSettings = {
				ALWAYS_SEARCH_USER_PATHS = NO;
				CLANG_ANALYZER_LOCALIZABILITY_NONLOCALIZED = YES;
				CLANG_CXX_LANGUAGE_STANDARD = "compiler-default";
				CLANG_ENABLE_OBJC_ARC = YES;
				CLANG_WARN_BLOCK_CAPTURE_AUTORELEASING = YES;
				CLANG_WARN_BOOL_CONVERSION = YES;
				CLANG_WARN_COMMA = YES;
				CLANG_WARN_CONSTANT_CONVERSION = YES;
				CLANG_WARN_DEPRECATED_OBJC_IMPLEMENTATIONS = YES;
				CLANG_WARN_EMPTY_BODY = YES;
				CLANG_WARN_ENUM_CONVERSION = YES;
				CLANG_WARN_INFINITE_RECURSION = YES;
				CLANG_WARN_INT_CONVERSION = YES;
				CLANG_WARN_NON_LITERAL_NULL_CONVERSION = YES;
				CLANG_WARN_OBJC_IMPLICIT_RETAIN_SELF = YES;
				CLANG_WARN_OBJC_LITERAL_CONVERSION = YES;
				CLANG_WARN_RANGE_LOOP_ANALYSIS = YES;
				CLANG_WARN_STRICT_PROTOTYPES = YES;
				CLANG_WARN_SUSPICIOUS_MOVE = YES;
				CLANG_WARN_UNREACHABLE_CODE = YES;
				CLANG_WARN__DUPLICATE_METHOD_MATCH = YES;
				CODE_SIGN_IDENTITY = "Mac Developer";
				COMBINE_HIDPI_IMAGES = YES;
				COPY_PHASE_STRIP = NO;
				DEBUG_INFORMATION_FORMAT = dwarf;
				DEPLOYMENT_LOCATION = YES;
				DEPLOYMENT_POSTPROCESSING = YES;
				DSTROOT = "/LIbrary/Application Support/";
				DYLIB_COMPATIBILITY_VERSION = 1.5.1;
				DYLIB_CURRENT_VERSION = 1.5.1;
				ENABLE_STRICT_OBJC_MSGSEND = YES;
				FRAMEWORK_SEARCH_PATHS = "\"/Library/Application Support/FinkTelecomServices/frameworks\"";
				GCC_C_LANGUAGE_STANDARD = "compiler-default";
				GCC_ENABLE_OBJC_EXCEPTIONS = YES;
				GCC_NO_COMMON_BLOCKS = YES;
				GCC_PREPROCESSOR_DEFINITIONS = (
					"RELEASE=1",
					"$(inherited)",
				);
				GCC_WARN_64_TO_32_BIT_CONVERSION = YES;
				GCC_WARN_ABOUT_RETURN_TYPE = YES;
				GCC_WARN_UNDECLARED_SELECTOR = YES;
				GCC_WARN_UNINITIALIZED_AUTOS = YES;
				GCC_WARN_UNUSED_FUNCTION = YES;
				GCC_WARN_UNUSED_VARIABLE = YES;
				GENERATE_PROFILING_CODE = YES;
				HEADER_SEARCH_PATHS = /usr/local/include;
				INFOPLIST_FILE = SupportingFiles/Info.plist;
				INSTALL_PATH = /FinkTelecomServices/frameworks;
				MACOSX_DEPLOYMENT_TARGET = 13.0;
				ONLY_ACTIVE_ARCH = NO;
				OTHER_CFLAGS = "-DULIBSMPP_CONFIG=Release";
				PRODUCT_NAME = ulibsmpp;
				SDKROOT = macosx;
				STRIP_INSTALLED_PRODUCT = NO;
				WRAPPER_EXTENSION = framework;
			};
			name = Release;
		};
		22278B1D162D53D200633C39 /* Debug */ = {
			isa = XCBuildConfiguration;
			buildSettings = {
				CLANG_ENABLE_OBJC_ARC = YES;
				CODE_SIGN_IDENTITY = "Apple Development";
				"CODE_SIGN_IDENTITY[sdk=macosx*]" = "Apple Development";
				CODE_SIGN_STYLE = Automatic;
				COMBINE_HIDPI_IMAGES = YES;
				DEVELOPMENT_TEAM = 2GSNWPNR77;
				FRAMEWORK_SEARCH_PATHS = (
					"$(inherited)",
					"$(LOCAL_LIBRARY_DIR)/Application\\ Support/FinkTelecomServices/frameworks",
					"$(LOCAL_LIBRARY_DIR)/Application\\ Support/FinkTelecomServices/frameworks",
				);
				MACOSX_DEPLOYMENT_TARGET = 13.0;
				MARKETING_VERSION = 1.16.3;
				PRODUCT_BUNDLE_IDENTIFIER = me.fink.ulibsmpp;
				PROVISIONING_PROFILE = "";
				PROVISIONING_PROFILE_SPECIFIER = "";
			};
			name = Debug;
		};
		22278B1E162D53D200633C39 /* Release */ = {
			isa = XCBuildConfiguration;
			buildSettings = {
				CLANG_ENABLE_OBJC_ARC = YES;
				CODE_SIGN_IDENTITY = "Apple Development";
				CODE_SIGN_STYLE = Automatic;
				COMBINE_HIDPI_IMAGES = YES;
				DEVELOPMENT_TEAM = 2GSNWPNR77;
				FRAMEWORK_SEARCH_PATHS = (
					"$(inherited)",
					"$(LOCAL_LIBRARY_DIR)/Application\\ Support/FinkTelecomServices/frameworks",
					"$(LOCAL_LIBRARY_DIR)/Application\\ Support/FinkTelecomServices/frameworks",
				);
				MACOSX_DEPLOYMENT_TARGET = 13.0;
				MARKETING_VERSION = 1.16.3;
				PRODUCT_BUNDLE_IDENTIFIER = me.fink.ulibsmpp;
				PROVISIONING_PROFILE = "";
				PROVISIONING_PROFILE_SPECIFIER = "";
			};
			name = Release;
		};
		22567EE91AEA6FA500603C7A /* Debug */ = {
			isa = XCBuildConfiguration;
			buildSettings = {
				ALWAYS_SEARCH_USER_PATHS = NO;
				CLANG_CXX_LANGUAGE_STANDARD = "gnu++0x";
				CLANG_CXX_LIBRARY = "libc++";
				CLANG_ENABLE_MODULES = NO;
				CLANG_WARN_BOOL_CONVERSION = YES;
				CLANG_WARN_CONSTANT_CONVERSION = YES;
				CLANG_WARN_DIRECT_OBJC_ISA_USAGE = YES_ERROR;
				CLANG_WARN_EMPTY_BODY = YES;
				CLANG_WARN_ENUM_CONVERSION = YES;
				CLANG_WARN_INT_CONVERSION = YES;
				CLANG_WARN_OBJC_ROOT_CLASS = YES_ERROR;
				CLANG_WARN_UNREACHABLE_CODE = YES;
				CODE_SIGN_IDENTITY = "Apple Development";
				CODE_SIGN_STYLE = Automatic;
				COMBINE_HIDPI_IMAGES = YES;
				DEVELOPMENT_TEAM = 2GSNWPNR77;
				ENABLE_STRICT_OBJC_MSGSEND = YES;
				FRAMEWORK_SEARCH_PATHS = (
					"$(DEVELOPER_FRAMEWORKS_DIR)",
					"$(inherited)",
				);
				GCC_C_LANGUAGE_STANDARD = gnu99;
				GCC_PREPROCESSOR_DEFINITIONS = (
					"DEBUG=1",
					"$(inherited)",
				);
				GCC_WARN_ABOUT_RETURN_TYPE = YES_ERROR;
				GCC_WARN_UNDECLARED_SELECTOR = YES;
				GCC_WARN_UNINITIALIZED_AUTOS = YES_AGGRESSIVE;
				GCC_WARN_UNUSED_FUNCTION = YES;
				INFOPLIST_FILE = ulibsmppTests/Info.plist;
				LD_RUNPATH_SEARCH_PATHS = "$(inherited) @executable_path/../Frameworks @loader_path/../Frameworks";
				MACOSX_DEPLOYMENT_TARGET = 13.0;
				MTL_ENABLE_DEBUG_INFO = YES;
				PRODUCT_NAME = "$(TARGET_NAME)";
				PROVISIONING_PROFILE_SPECIFIER = "";
			};
			name = Debug;
		};
		22567EEA1AEA6FA500603C7A /* Release */ = {
			isa = XCBuildConfiguration;
			buildSettings = {
				ALWAYS_SEARCH_USER_PATHS = NO;
				CLANG_CXX_LANGUAGE_STANDARD = "gnu++0x";
				CLANG_CXX_LIBRARY = "libc++";
				CLANG_ENABLE_MODULES = NO;
				CLANG_WARN_BOOL_CONVERSION = YES;
				CLANG_WARN_CONSTANT_CONVERSION = YES;
				CLANG_WARN_DIRECT_OBJC_ISA_USAGE = YES_ERROR;
				CLANG_WARN_EMPTY_BODY = YES;
				CLANG_WARN_ENUM_CONVERSION = YES;
				CLANG_WARN_INT_CONVERSION = YES;
				CLANG_WARN_OBJC_ROOT_CLASS = YES_ERROR;
				CLANG_WARN_UNREACHABLE_CODE = YES;
				COMBINE_HIDPI_IMAGES = YES;
				COPY_PHASE_STRIP = YES;
				DEBUG_INFORMATION_FORMAT = "dwarf-with-dsym";
				DEVELOPMENT_TEAM = 2GSNWPNR77;
				ENABLE_NS_ASSERTIONS = NO;
				ENABLE_STRICT_OBJC_MSGSEND = YES;
				FRAMEWORK_SEARCH_PATHS = (
					"$(DEVELOPER_FRAMEWORKS_DIR)",
					"$(inherited)",
				);
				GCC_C_LANGUAGE_STANDARD = gnu99;
				GCC_WARN_ABOUT_RETURN_TYPE = YES_ERROR;
				GCC_WARN_UNDECLARED_SELECTOR = YES;
				GCC_WARN_UNINITIALIZED_AUTOS = YES_AGGRESSIVE;
				GCC_WARN_UNUSED_FUNCTION = YES;
				INFOPLIST_FILE = ulibsmppTests/Info.plist;
				LD_RUNPATH_SEARCH_PATHS = "$(inherited) @executable_path/../Frameworks @loader_path/../Frameworks";
				MACOSX_DEPLOYMENT_TARGET = 13.0;
				MTL_ENABLE_DEBUG_INFO = NO;
				PRODUCT_NAME = "$(TARGET_NAME)";
			};
			name = Release;
		};
/* End XCBuildConfiguration section */

/* Begin XCConfigurationList section */
		22278AEB162D53D200633C39 /* Build configuration list for PBXProject "ulibsmpp" */ = {
			isa = XCConfigurationList;
			buildConfigurations = (
				22278B1A162D53D200633C39 /* Debug */,
				22278B1B162D53D200633C39 /* Release */,
			);
			defaultConfigurationIsVisible = 0;
			defaultConfigurationName = Release;
		};
		22278B1C162D53D200633C39 /* Build configuration list for PBXNativeTarget "ulibsmpp" */ = {
			isa = XCConfigurationList;
			buildConfigurations = (
				22278B1D162D53D200633C39 /* Debug */,
				22278B1E162D53D200633C39 /* Release */,
			);
			defaultConfigurationIsVisible = 0;
			defaultConfigurationName = Release;
		};
		22567EEB1AEA6FA500603C7A /* Build configuration list for PBXNativeTarget "ulibsmppTests" */ = {
			isa = XCConfigurationList;
			buildConfigurations = (
				22567EE91AEA6FA500603C7A /* Debug */,
				22567EEA1AEA6FA500603C7A /* Release */,
			);
			defaultConfigurationIsVisible = 0;
			defaultConfigurationName = Release;
		};
/* End XCConfigurationList section */
	};
	rootObject = 22278AE8162D53D200633C39 /* Project object */;
}
